
Microsoft Visual Studio Solution File, Format Version 12.00
# Visual Studio 15
VisualStudioVersion = 15.0.26430.16
MinimumVisualStudioVersion = 10.0.40219.1
Project("{F184B08F-C81C-45F6-A57F-5ABD9991F28F}") = "ExtractData", "ExtractData\ExtractData.vbproj", "{6B1D5F90-5572-489A-8F53-5A35BC0FAA2E}"
EndProject
Global
	GlobalSection(SolutionConfigurationPlatforms) = preSolution
		Debug|Any CPU = Debug|Any CPU
		Debug|x64 = Debug|x64
		Release|Any CPU = Release|Any CPU
		Release|x64 = Release|x64
	EndGlobalSection
	GlobalSection(ProjectConfigurationPlatforms) = postSolution
		{6B1D5F90-5572-489A-8F53-5A35BC0FAA2E}.Debug|Any CPU.ActiveCfg = Debug|Any CPU
		{6B1D5F90-5572-489A-8F53-5A35BC0FAA2E}.Debug|Any CPU.Build.0 = Debug|Any CPU
		{6B1D5F90-5572-489A-8F53-5A35BC0FAA2E}.Debug|x64.ActiveCfg = Debug|x64
		{6B1D5F90-5572-489A-8F53-5A35BC0FAA2E}.Debug|x64.Build.0 = Debug|x64
		{6B1D5F90-5572-489A-8F53-5A35BC0FAA2E}.Release|Any CPU.ActiveCfg = Release|Any CPU
		{6B1D5F90-5572-489A-8F53-5A35BC0FAA2E}.Release|Any CPU.Build.0 = Release|Any CPU
		{6B1D5F90-5572-489A-8F53-5A35BC0FAA2E}.Release|x64.ActiveCfg = Release|x64
		{6B1D5F90-5572-489A-8F53-5A35BC0FAA2E}.Release|x64.Build.0 = Release|x64
	EndGlobalSection
	GlobalSection(SolutionProperties) = preSolution
		HideSolutionNode = FALSE
	EndGlobalSection
EndGlobal
